
Microsoft Visual Studio Solution File, Format Version 12.00
# Visual Studio 15
VisualStudioVersion = 15.0.28307.438
MinimumVisualStudioVersion = 10.0.40219.1
Project("{FAE04EC0-301F-11D3-BF4B-00C04F79EFBC}") = "CoreCourse.CSharpFeatures ED", "CoreCourse.CSharpFeatures ED\CoreCourse.CSharpFeatures ED.csproj", "{BBB972A6-0265-4839-938B-8325D20E4FDA}"
EndProject
Global
	GlobalSection(SolutionConfigurationPlatforms) = preSolution
		Debug|Any CPU = Debug|Any CPU
		Release|Any CPU = Release|Any CPU
	EndGlobalSection
	GlobalSection(ProjectConfigurationPlatforms) = postSolution
		{BBB972A6-0265-4839-938B-8325D20E4FDA}.Debug|Any CPU.ActiveCfg = Debug|Any CPU
		{BBB972A6-0265-4839-938B-8325D20E4FDA}.Debug|Any CPU.Build.0 = Debug|Any CPU
		{BBB972A6-0265-4839-938B-8325D20E4FDA}.Release|Any CPU.ActiveCfg = Release|Any CPU
		{BBB972A6-0265-4839-938B-8325D20E4FDA}.Release|Any CPU.Build.0 = Release|Any CPU
	EndGlobalSection
	GlobalSection(SolutionProperties) = preSolution
		HideSolutionNode = FALSE
	EndGlobalSection
	GlobalSection(ExtensibilityGlobals) = postSolution
		SolutionGuid = {B1C55A87-B857-4764-80B7-369147BD224A}
	EndGlobalSection
EndGlobal
